
Microsoft Visual Studio Solution File, Format Version 12.00
# Visual Studio Version 16
VisualStudioVersion = 16.0.31205.134
MinimumVisualStudioVersion = 10.0.40219.1
Project("{FAE04EC0-301F-11D3-BF4B-00C04F79EFBC}") = "Trees", "Trees\Trees.csproj", "{61A75924-BE5C-4725-826A-AD8E579478F2}"
EndProject
Global
	GlobalSection(SolutionConfigurationPlatforms) = preSolution
		Debug|Any CPU = Debug|Any CPU
		Release|Any CPU = Release|Any CPU
	EndGlobalSection
	GlobalSection(ProjectConfigurationPlatforms) = postSolution
		{61A75924-BE5C-4725-826A-AD8E579478F2}.Debug|Any CPU.ActiveCfg = Debug|Any CPU
		{61A75924-BE5C-4725-826A-AD8E579478F2}.Debug|Any CPU.Build.0 = Debug|Any CPU
		{61A75924-BE5C-4725-826A-AD8E579478F2}.Release|Any CPU.ActiveCfg = Release|Any CPU
		{61A75924-BE5C-4725-826A-AD8E579478F2}.Release|Any CPU.Build.0 = Release|Any CPU
	EndGlobalSection
	GlobalSection(SolutionProperties) = preSolution
		HideSolutionNode = FALSE
	EndGlobalSection
	GlobalSection(ExtensibilityGlobals) = postSolution
		SolutionGuid = {00672C3A-A9E7-47CA-BABF-E7740F952681}
	EndGlobalSection
EndGlobal
